{
  "nodes": {
    "flake-utils": {
      "inputs": {
        "systems": "systems"
      },
      "locked": {
        "lastModified": 1694529238,
        "narHash": "sha256-zsNZZGTGnMOf9YpHKJqMSsa0dXbfmxeoJ7xHlrt+xmY=",
        "owner": "numtide",
        "repo": "flake-utils",
        "rev": "ff7b65b44d01cf9ba6a71320833626af21126384",
        "type": "github"
      },
      "original": {
        "owner": "numtide",
        "repo": "flake-utils",
        "type": "github"
      }
    },
    "melange": {
      "inputs": {
        "flake-utils": [
          "flake-utils"
        ],
        "nix-filter": "nix-filter",
        "nixpkgs": [
          "nixpkgs"
        ]
      },
      "locked": {
        "lastModified": 1685563568,
        "narHash": "sha256-nbdH3TKhgCfofhRxOyl5pv4nz9EiuOqZM4ExFkwTgAw=",
        "owner": "melange-re",
        "repo": "melange",
        "rev": "c989a91761a9b1bcc8af80fb9653eab897360325",
        "type": "github"
      },
      "original": {
        "owner": "melange-re",
        "ref": "1.0.0",
        "repo": "melange",
        "type": "github"
      }
    },
    "nix-filter": {
      "locked": {
        "lastModified": 1681154353,
        "narHash": "sha256-MCJ5FHOlbfQRFwN0brqPbCunLEVw05D/3sRVoNVt2tI=",
        "owner": "numtide",
        "repo": "nix-filter",
        "rev": "f529f42792ade8e32c4be274af6b6d60857fbee7",
        "type": "github"
      },
      "original": {
        "owner": "numtide",
        "repo": "nix-filter",
        "type": "github"
      }
    },
    "nixpkgs": {
      "locked": {
        "lastModified": 1696661029,
        "narHash": "sha256-GIB5VTkvsDIqfMpdtuetOzpm64P8wm8nBSv5Eo8XM3Y=",
        "owner": "nixos",
        "repo": "nixpkgs",
        "rev": "2de1be5b51c3d6fa833f1c1f222dc867dd054b31",
        "type": "github"
      },
      "original": {
        "owner": "nixos",
        "ref": "nixpkgs-unstable",
        "repo": "nixpkgs",
        "type": "github"
      }
    },
    "ocamllsp": {
      "inputs": {
        "flake-utils": [
          "flake-utils"
        ],
        "nixpkgs": [
          "nixpkgs"
        ]
      },
      "locked": {
        "lastModified": 1696371245,
        "narHash": "sha256-+2ERMWZbjwtufiLIM9rKadZ++L5/R/sUNKRr8I0swVc=",
        "ref": "refs/heads/master",
        "rev": "672ca1bfbb816ff6b5f07a3f3abdecb66f982d8c",
        "revCount": 2044,
        "submodules": true,
        "type": "git",
        "url": "https://github.com/ocaml/ocaml-lsp"
      },
      "original": {
        "submodules": true,
        "type": "git",
        "url": "https://github.com/ocaml/ocaml-lsp"
      }
    },
    "root": {
      "inputs": {
        "flake-utils": "flake-utils",
        "melange": "melange",
        "nixpkgs": "nixpkgs",
        "ocamllsp": "ocamllsp"
      }
    },
    "systems": {
      "locked": {
        "lastModified": 1681028828,
        "narHash": "sha256-Vy1rq5AaRuLzOxct8nz4T6wlgyUR7zLU309k9mBC768=",
        "owner": "nix-systems",
        "repo": "default",
        "rev": "da67096a3b9bf56a91d16901293e51ba5b49a27e",
        "type": "github"
      },
      "original": {
        "owner": "nix-systems",
        "repo": "default",
        "type": "github"
      }
    }
  },
  "root": "root",
  "version": 7
}
